// !$*UTF8*$!
{
	archiveVersion = 1;
	classes = {
	};
	objectVersion = 56;
	objects = {

/* Begin PBXBuildFile section */
		F7D929E12AA07C4E0020BF5B /* __challenge_8App.swift in Sources */ = {isa = PBXBuildFile; fileRef = F7D929E02AA07C4E0020BF5B /* __challenge_8App.swift */; };
		F7D929E32AA07C4E0020BF5B /* ContentView.swift in Sources */ = {isa = PBXBuildFile; fileRef = F7D929E22AA07C4E0020BF5B /* ContentView.swift */; };
		F7D929E52AA07C500020BF5B /* Assets.xcassets in Resources */ = {isa = PBXBuildFile; fileRef = F7D929E42AA07C500020BF5B /* Assets.xcassets */; };
		F7D929E82AA07C500020BF5B /* Preview Assets.xcassets in Resources */ = {isa = PBXBuildFile; fileRef = F7D929E72AA07C500020BF5B /* Preview Assets.xcassets */; };
		F7D929F22AA07C500020BF5B /* __challenge_8Tests.swift in Sources */ = {isa = PBXBuildFile; fileRef = F7D929F12AA07C500020BF5B /* __challenge_8Tests.swift */; };
		F7D929FC2AA07C500020BF5B /* __challenge_8UITests.swift in Sources */ = {isa = PBXBuildFile; fileRef = F7D929FB2AA07C500020BF5B /* __challenge_8UITests.swift */; };
		F7D929FE2AA07C500020BF5B /* __challenge_8UITestsLaunchTests.swift in Sources */ = {isa = PBXBuildFile; fileRef = F7D929FD2AA07C500020BF5B /* __challenge_8UITestsLaunchTests.swift */; };
		F7D92A0B2AA07D5C0020BF5B /* Page1.swift in Sources */ = {isa = PBXBuildFile; fileRef = F7D92A0A2AA07D5C0020BF5B /* Page1.swift */; };
		F7D92A0D2AA07D630020BF5B /* Page2.swift in Sources */ = {isa = PBXBuildFile; fileRef = F7D92A0C2AA07D630020BF5B /* Page2.swift */; };
		F7D92A0F2AA07D6B0020BF5B /* Page3.swift in Sources */ = {isa = PBXBuildFile; fileRef = F7D92A0E2AA07D6B0020BF5B /* Page3.swift */; };
		F7D92A112AA07F270020BF5B /* NewDesc.swift in Sources */ = {isa = PBXBuildFile; fileRef = F7D92A102AA07F270020BF5B /* NewDesc.swift */; };
		F7D92A132AA082250020BF5B /* NewCandidate.swift in Sources */ = {isa = PBXBuildFile; fileRef = F7D92A122AA082250020BF5B /* NewCandidate.swift */; };
/* End PBXBuildFile section */

/* Begin PBXContainerItemProxy section */
		F7D929EE2AA07C500020BF5B /* PBXContainerItemProxy */ = {
			isa = PBXContainerItemProxy;
			containerPortal = F7D929D52AA07C4E0020BF5B /* Project object */;
			proxyType = 1;
			remoteGlobalIDString = F7D929DC2AA07C4E0020BF5B;
			remoteInfo = "3 challenge 8";
		};
		F7D929F82AA07C500020BF5B /* PBXContainerItemProxy */ = {
			isa = PBXContainerItemProxy;
			containerPortal = F7D929D52AA07C4E0020BF5B /* Project object */;
			proxyType = 1;
			remoteGlobalIDString = F7D929DC2AA07C4E0020BF5B;
			remoteInfo = "3 challenge 8";
		};
/* End PBXContainerItemProxy section */

/* Begin PBXFileReference section */
		F7D929DD2AA07C4E0020BF5B /* 3 challenge 8.app */ = {isa = PBXFileReference; explicitFileType = wrapper.application; includeInIndex = 0; path = "3 challenge 8.app"; sourceTree = BUILT_PRODUCTS_DIR; };
		F7D929E02AA07C4E0020BF5B /* __challenge_8App.swift */ = {isa = PBXFileReference; lastKnownFileType = sourcecode.swift; path = __challenge_8App.swift; sourceTree = "<group>"; };
		F7D929E22AA07C4E0020BF5B /* ContentView.swift */ = {isa = PBXFileReference; lastKnownFileType = sourcecode.swift; path = ContentView.swift; sourceTree = "<group>"; };
		F7D929E42AA07C500020BF5B /* Assets.xcassets */ = {isa = PBXFileReference; lastKnownFileType = folder.assetcatalog; path = Assets.xcassets; sourceTree = "<group>"; };
		F7D929E72AA07C500020BF5B /* Preview Assets.xcassets */ = {isa = PBXFileReference; lastKnownFileType = folder.assetcatalog; path = "Preview Assets.xcassets"; sourceTree = "<group>"; };
		F7D929ED2AA07C500020BF5B /* 3 challenge 8Tests.xctest */ = {isa = PBXFileReference; explicitFileType = wrapper.cfbundle; includeInIndex = 0; path = "3 challenge 8Tests.xctest"; sourceTree = BUILT_PRODUCTS_DIR; };
		F7D929F12AA07C500020BF5B /* __challenge_8Tests.swift */ = {isa = PBXFileReference; lastKnownFileType = sourcecode.swift; path = __challenge_8Tests.swift; sourceTree = "<group>"; };
		F7D929F72AA07C500020BF5B /* 3 challenge 8UITests.xctest */ = {isa = PBXFileReference; explicitFileType = wrapper.cfbundle; includeInIndex = 0; path = "3 challenge 8UITests.xctest"; sourceTree = BUILT_PRODUCTS_DIR; };
		F7D929FB2AA07C500020BF5B /* __challenge_8UITests.swift */ = {isa = PBXFileReference; lastKnownFileType = sourcecode.swift; path = __challenge_8UITests.swift; sourceTree = "<group>"; };
		F7D929FD2AA07C500020BF5B /* __challenge_8UITestsLaunchTests.swift */ = {isa = PBXFileReference; lastKnownFileType = sourcecode.swift; path = __challenge_8UITestsLaunchTests.swift; sourceTree = "<group>"; };
		F7D92A0A2AA07D5C0020BF5B /* Page1.swift */ = {isa = PBXFileReference; lastKnownFileType = sourcecode.swift; path = Page1.swift; sourceTree = "<group>"; };
		F7D92A0C2AA07D630020BF5B /* Page2.swift */ = {isa = PBXFileReference; lastKnownFileType = sourcecode.swift; path = Page2.swift; sourceTree = "<group>"; };
		F7D92A0E2AA07D6B0020BF5B /* Page3.swift */ = {isa = PBXFileReference; lastKnownFileType = sourcecode.swift; path = Page3.swift; sourceTree = "<group>"; };
		F7D92A102AA07F270020BF5B /* NewDesc.swift */ = {isa = PBXFileReference; lastKnownFileType = sourcecode.swift; path = NewDesc.swift; sourceTree = "<group>"; };
		F7D92A122AA082250020BF5B /* NewCandidate.swift */ = {isa = PBXFileReference; lastKnownFileType = sourcecode.swift; path = NewCandidate.swift; sourceTree = "<group>"; };
/* End PBXFileReference section */

/* Begin PBXFrameworksBuildPhase section */
		F7D929DA2AA07C4E0020BF5B /* Frameworks */ = {
			isa = PBXFrameworksBuildPhase;
			buildActionMask = 2147483647;
			files = (
			);
			runOnlyForDeploymentPostprocessing = 0;
		};
		F7D929EA2AA07C500020BF5B /* Frameworks */ = {
			isa = PBXFrameworksBuildPhase;
			buildActionMask = 2147483647;
			files = (
			);
			runOnlyForDeploymentPostprocessing = 0;
		};
		F7D929F42AA07C500020BF5B /* Frameworks */ = {
			isa = PBXFrameworksBuildPhase;
			buildActionMask = 2147483647;
			files = (
			);
			runOnlyForDeploymentPostprocessing = 0;
		};
/* End PBXFrameworksBuildPhase section */

/* Begin PBXGroup section */
		F7D929D42AA07C4E0020BF5B = {
			isa = PBXGroup;
			children = (
				F7D92A122AA082250020BF5B /* NewCandidate.swift */,
				F7D929DF2AA07C4E0020BF5B /* 3 challenge 8 */,
				F7D929F02AA07C500020BF5B /* 3 challenge 8Tests */,
				F7D929FA2AA07C500020BF5B /* 3 challenge 8UITests */,
				F7D929DE2AA07C4E0020BF5B /* Products */,
			);
			sourceTree = "<group>";
		};
		F7D929DE2AA07C4E0020BF5B /* Products */ = {
			isa = PBXGroup;
			children = (
				F7D929DD2AA07C4E0020BF5B /* 3 challenge 8.app */,
				F7D929ED2AA07C500020BF5B /* 3 challenge 8Tests.xctest */,
				F7D929F72AA07C500020BF5B /* 3 challenge 8UITests.xctest */,
			);
			name = Products;
			sourceTree = "<group>";
		};
		F7D929DF2AA07C4E0020BF5B /* 3 challenge 8 */ = {
			isa = PBXGroup;
			children = (
				F7D929E02AA07C4E0020BF5B /* __challenge_8App.swift */,
				F7D929E22AA07C4E0020BF5B /* ContentView.swift */,
				F7D92A0A2AA07D5C0020BF5B /* Page1.swift */,
				F7D92A102AA07F270020BF5B /* NewDesc.swift */,
				F7D92A0C2AA07D630020BF5B /* Page2.swift */,
				F7D92A0E2AA07D6B0020BF5B /* Page3.swift */,
				F7D929E42AA07C500020BF5B /* Assets.xcassets */,
				F7D929E62AA07C500020BF5B /* Preview Content */,
			);
			path = "3 challenge 8";
			sourceTree = "<group>";
		};
		F7D929E62AA07C500020BF5B /* Preview Content */ = {
			isa = PBXGroup;
			children = (
				F7D929E72AA07C500020BF5B /* Preview Assets.xcassets */,
			);
			path = "Preview Content";
			sourceTree = "<group>";
		};
		F7D929F02AA07C500020BF5B /* 3 challenge 8Tests */ = {
			isa = PBXGroup;
			children = (
				F7D929F12AA07C500020BF5B /* __challenge_8Tests.swift */,
			);
			path = "3 challenge 8Tests";
			sourceTree = "<group>";
		};
		F7D929FA2AA07C500020BF5B /* 3 challenge 8UITests */ = {
			isa = PBXGroup;
			children = (
				F7D929FB2AA07C500020BF5B /* __challenge_8UITests.swift */,
				F7D929FD2AA07C500020BF5B /* __challenge_8UITestsLaunchTests.swift */,
			);
			path = "3 challenge 8UITests";
			sourceTree = "<group>";
		};
/* End PBXGroup section */

/* Begin PBXNativeTarget section */
		F7D929DC2AA07C4E0020BF5B /* 3 challenge 8 */ = {
			isa = PBXNativeTarget;
			buildConfigurationList = F7D92A012AA07C500020BF5B /* Build configuration list for PBXNativeTarget "3 challenge 8" */;
			buildPhases = (
				F7D929D92AA07C4E0020BF5B /* Sources */,
				F7D929DA2AA07C4E0020BF5B /* Frameworks */,
				F7D929DB2AA07C4E0020BF5B /* Resources */,
			);
			buildRules = (
			);
			dependencies = (
			);
			name = "3 challenge 8";
			productName = "3 challenge 8";
			productReference = F7D929DD2AA07C4E0020BF5B /* 3 challenge 8.app */;
			productType = "com.apple.product-type.application";
		};
		F7D929EC2AA07C500020BF5B /* 3 challenge 8Tests */ = {
			isa = PBXNativeTarget;
			buildConfigurationList = F7D92A042AA07C500020BF5B /* Build configuration list for PBXNativeTarget "3 challenge 8Tests" */;
			buildPhases = (
				F7D929E92AA07C500020BF5B /* Sources */,
				F7D929EA2AA07C500020BF5B /* Frameworks */,
				F7D929EB2AA07C500020BF5B /* Resources */,
			);
			buildRules = (
			);
			dependencies = (
				F7D929EF2AA07C500020BF5B /* PBXTargetDependency */,
			);
			name = "3 challenge 8Tests";
			productName = "3 challenge 8Tests";
			productReference = F7D929ED2AA07C500020BF5B /* 3 challenge 8Tests.xctest */;
			productType = "com.apple.product-type.bundle.unit-test";
		};
		F7D929F62AA07C500020BF5B /* 3 challenge 8UITests */ = {
			isa = PBXNativeTarget;
			buildConfigurationList = F7D92A072AA07C500020BF5B /* Build configuration list for PBXNativeTarget "3 challenge 8UITests" */;
			buildPhases = (
				F7D929F32AA07C500020BF5B /* Sources */,
				F7D929F42AA07C500020BF5B /* Frameworks */,
				F7D929F52AA07C500020BF5B /* Resources */,
			);
			buildRules = (
			);
			dependencies = (
				F7D929F92AA07C500020BF5B /* PBXTargetDependency */,
			);
			name = "3 challenge 8UITests";
			productName = "3 challenge 8UITests";
			productReference = F7D929F72AA07C500020BF5B /* 3 challenge 8UITests.xctest */;
			productType = "com.apple.product-type.bundle.ui-testing";
		};
/* End PBXNativeTarget section */

/* Begin PBXProject section */
		F7D929D52AA07C4E0020BF5B /* Project object */ = {
			isa = PBXProject;
			attributes = {
				BuildIndependentTargetsInParallel = 1;
				LastSwiftUpdateCheck = 1430;
				LastUpgradeCheck = 1430;
				TargetAttributes = {
					F7D929DC2AA07C4E0020BF5B = {
						CreatedOnToolsVersion = 14.3.1;
					};
					F7D929EC2AA07C500020BF5B = {
						CreatedOnToolsVersion = 14.3.1;
						TestTargetID = F7D929DC2AA07C4E0020BF5B;
					};
					F7D929F62AA07C500020BF5B = {
						CreatedOnToolsVersion = 14.3.1;
						TestTargetID = F7D929DC2AA07C4E0020BF5B;
					};
				};
			};
			buildConfigurationList = F7D929D82AA07C4E0020BF5B /* Build configuration list for PBXProject "3 challenge 8" */;
			compatibilityVersion = "Xcode 14.0";
			developmentRegion = en;
			hasScannedForEncodings = 0;
			knownRegions = (
				en,
				Base,
			);
			mainGroup = F7D929D42AA07C4E0020BF5B;
			productRefGroup = F7D929DE2AA07C4E0020BF5B /* Products */;
			projectDirPath = "";
			projectRoot = "";
			targets = (
				F7D929DC2AA07C4E0020BF5B /* 3 challenge 8 */,
				F7D929EC2AA07C500020BF5B /* 3 challenge 8Tests */,
				F7D929F62AA07C500020BF5B /* 3 challenge 8UITests */,
			);
		};
/* End PBXProject section */

/* Begin PBXResourcesBuildPhase section */
		F7D929DB2AA07C4E0020BF5B /* Resources */ = {
			isa = PBXResourcesBuildPhase;
			buildActionMask = 2147483647;
			files = (
				F7D929E82AA07C500020BF5B /* Preview Assets.xcassets in Resources */,
				F7D929E52AA07C500020BF5B /* Assets.xcassets in Resources */,
			);
			runOnlyForDeploymentPostprocessing = 0;
		};
		F7D929EB2AA07C500020BF5B /* Resources */ = {
			isa = PBXResourcesBuildPhase;
			buildActionMask = 2147483647;
			files = (
			);
			runOnlyForDeploymentPostprocessing = 0;
		};
		F7D929F52AA07C500020BF5B /* Resources */ = {
			isa = PBXResourcesBuildPhase;
			buildActionMask = 2147483647;
			files = (
			);
			runOnlyForDeploymentPostprocessing = 0;
		};
/* End PBXResourcesBuildPhase section */

/* Begin PBXSourcesBuildPhase section */
		F7D929D92AA07C4E0020BF5B /* Sources */ = {
			isa = PBXSourcesBuildPhase;
			buildActionMask = 2147483647;
			files = (
				F7D92A0F2AA07D6B0020BF5B /* Page3.swift in Sources */,
				F7D92A132AA082250020BF5B /* NewCandidate.swift in Sources */,
				F7D929E32AA07C4E0020BF5B /* ContentView.swift in Sources */,
				F7D92A0D2AA07D630020BF5B /* Page2.swift in Sources */,
				F7D929E12AA07C4E0020BF5B /* __challenge_8App.swift in Sources */,
				F7D92A0B2AA07D5C0020BF5B /* Page1.swift in Sources */,
				F7D92A112AA07F270020BF5B /* NewDesc.swift in Sources */,
			);
			runOnlyForDeploymentPostprocessing = 0;
		};
		F7D929E92AA07C500020BF5B /* Sources */ = {
			isa = PBXSourcesBuildPhase;
			buildActionMask = 2147483647;
			files = (
				F7D929F22AA07C500020BF5B /* __challenge_8Tests.swift in Sources */,
			);
			runOnlyForDeploymentPostprocessing = 0;
		};
		F7D929F32AA07C500020BF5B /* Sources */ = {
			isa = PBXSourcesBuildPhase;
			buildActionMask = 2147483647;
			files = (
				F7D929FC2AA07C500020BF5B /* __challenge_8UITests.swift in Sources */,
				F7D929FE2AA07C500020BF5B /* __challenge_8UITestsLaunchTests.swift in Sources */,
			);
			runOnlyForDeploymentPostprocessing = 0;
		};
/* End PBXSourcesBuildPhase section */

/* Begin PBXTargetDependency section */
		F7D929EF2AA07C500020BF5B /* PBXTargetDependency */ = {
			isa = PBXTargetDependency;
			target = F7D929DC2AA07C4E0020BF5B /* 3 challenge 8 */;
			targetProxy = F7D929EE2AA07C500020BF5B /* PBXContainerItemProxy */;
		};
		F7D929F92AA07C500020BF5B /* PBXTargetDependency */ = {
			isa = PBXTargetDependency;
			target = F7D929DC2AA07C4E0020BF5B /* 3 challenge 8 */;
			targetProxy = F7D929F82AA07C500020BF5B /* PBXContainerItemProxy */;
		};
/* End PBXTargetDependency section */

/* Begin XCBuildConfiguration section */
		F7D929FF2AA07C500020BF5B /* Debug */ = {
			isa = XCBuildConfiguration;
			buildSettings = {
				ALWAYS_SEARCH_USER_PATHS = NO;
				CLANG_ANALYZER_NONNULL = YES;
				CLANG_ANALYZER_NUMBER_OBJECT_CONVERSION = YES_AGGRESSIVE;
				CLANG_CXX_LANGUAGE_STANDARD = "gnu++20";
				CLANG_ENABLE_MODULES = YES;
				CLANG_ENABLE_OBJC_ARC = YES;
				CLANG_ENABLE_OBJC_WEAK = YES;
				CLANG_WARN_BLOCK_CAPTURE_AUTORELEASING = YES;
				CLANG_WARN_BOOL_CONVERSION = YES;
				CLANG_WARN_COMMA = YES;
				CLANG_WARN_CONSTANT_CONVERSION = YES;
				CLANG_WARN_DEPRECATED_OBJC_IMPLEMENTATIONS = YES;
				CLANG_WARN_DIRECT_OBJC_ISA_USAGE = YES_ERROR;
				CLANG_WARN_DOCUMENTATION_COMMENTS = YES;
				CLANG_WARN_EMPTY_BODY = YES;
				CLANG_WARN_ENUM_CONVERSION = YES;
				CLANG_WARN_INFINITE_RECURSION = YES;
				CLANG_WARN_INT_CONVERSION = YES;
				CLANG_WARN_NON_LITERAL_NULL_CONVERSION = YES;
				CLANG_WARN_OBJC_IMPLICIT_RETAIN_SELF = YES;
				CLANG_WARN_OBJC_LITERAL_CONVERSION = YES;
				CLANG_WARN_OBJC_ROOT_CLASS = YES_ERROR;
				CLANG_WARN_QUOTED_INCLUDE_IN_FRAMEWORK_HEADER = YES;
				CLANG_WARN_RANGE_LOOP_ANALYSIS = YES;
				CLANG_WARN_STRICT_PROTOTYPES = YES;
				CLANG_WARN_SUSPICIOUS_MOVE = YES;
				CLANG_WARN_UNGUARDED_AVAILABILITY = YES_AGGRESSIVE;
				CLANG_WARN_UNREACHABLE_CODE = YES;
				CLANG_WARN__DUPLICATE_METHOD_MATCH = YES;
				COPY_PHASE_STRIP = NO;
				DEBUG_INFORMATION_FORMAT = dwarf;
				ENABLE_STRICT_OBJC_MSGSEND = YES;
				ENABLE_TESTABILITY = YES;
				GCC_C_LANGUAGE_STANDARD = gnu11;
				GCC_DYNAMIC_NO_PIC = NO;
				GCC_NO_COMMON_BLOCKS = YES;
				GCC_OPTIMIZATION_LEVEL = 0;
				GCC_PREPROCESSOR_DEFINITIONS = (
					"DEBUG=1",
					"$(inherited)",
				);
				GCC_WARN_64_TO_32_BIT_CONVERSION = YES;
				GCC_WARN_ABOUT_RETURN_TYPE = YES_ERROR;
				GCC_WARN_UNDECLARED_SELECTOR = YES;
				GCC_WARN_UNINITIALIZED_AUTOS = YES_AGGRESSIVE;
				GCC_WARN_UNUSED_FUNCTION = YES;
				GCC_WARN_UNUSED_VARIABLE = YES;
				IPHONEOS_DEPLOYMENT_TARGET = 16.4;
				MTL_ENABLE_DEBUG_INFO = INCLUDE_SOURCE;
				MTL_FAST_MATH = YES;
				ONLY_ACTIVE_ARCH = YES;
				SDKROOT = iphoneos;
				SWIFT_ACTIVE_COMPILATION_CONDITIONS = DEBUG;
				SWIFT_OPTIMIZATION_LEVEL = "-Onone";
			};
			name = Debug;
		};
		F7D92A002AA07C500020BF5B /* Release */ = {
			isa = XCBuildConfiguration;
			buildSettings = {
				ALWAYS_SEARCH_USER_PATHS = NO;
				CLANG_ANALYZER_NONNULL = YES;
				CLANG_ANALYZER_NUMBER_OBJECT_CONVERSION = YES_AGGRESSIVE;
				CLANG_CXX_LANGUAGE_STANDARD = "gnu++20";
				CLANG_ENABLE_MODULES = YES;
				CLANG_ENABLE_OBJC_ARC = YES;
				CLANG_ENABLE_OBJC_WEAK = YES;
				CLANG_WARN_BLOCK_CAPTURE_AUTORELEASING = YES;
				CLANG_WARN_BOOL_CONVERSION = YES;
				CLANG_WARN_COMMA = YES;
				CLANG_WARN_CONSTANT_CONVERSION = YES;
				CLANG_WARN_DEPRECATED_OBJC_IMPLEMENTATIONS = YES;
				CLANG_WARN_DIRECT_OBJC_ISA_USAGE = YES_ERROR;
				CLANG_WARN_DOCUMENTATION_COMMENTS = YES;
				CLANG_WARN_EMPTY_BODY = YES;
				CLANG_WARN_ENUM_CONVERSION = YES;
				CLANG_WARN_INFINITE_RECURSION = YES;
				CLANG_WARN_INT_CONVERSION = YES;
				CLANG_WARN_NON_LITERAL_NULL_CONVERSION = YES;
				CLANG_WARN_OBJC_IMPLICIT_RETAIN_SELF = YES;
				CLANG_WARN_OBJC_LITERAL_CONVERSION = YES;
				CLANG_WARN_OBJC_ROOT_CLASS = YES_ERROR;
				CLANG_WARN_QUOTED_INCLUDE_IN_FRAMEWORK_HEADER = YES;
				CLANG_WARN_RANGE_LOOP_ANALYSIS = YES;
				CLANG_WARN_STRICT_PROTOTYPES = YES;
				CLANG_WARN_SUSPICIOUS_MOVE = YES;
				CLANG_WARN_UNGUARDED_AVAILABILITY = YES_AGGRESSIVE;
				CLANG_WARN_UNREACHABLE_CODE = YES;
				CLANG_WARN__DUPLICATE_METHOD_MATCH = YES;
				COPY_PHASE_STRIP = NO;
				DEBUG_INFORMATION_FORMAT = "dwarf-with-dsym";
				ENABLE_NS_ASSERTIONS = NO;
				ENABLE_STRICT_OBJC_MSGSEND = YES;
				GCC_C_LANGUAGE_STANDARD = gnu11;
				GCC_NO_COMMON_BLOCKS = YES;
				GCC_WARN_64_TO_32_BIT_CONVERSION = YES;
				GCC_WARN_ABOUT_RETURN_TYPE = YES_ERROR;
				GCC_WARN_UNDECLARED_SELECTOR = YES;
				GCC_WARN_UNINITIALIZED_AUTOS = YES_AGGRESSIVE;
				GCC_WARN_UNUSED_FUNCTION = YES;
				GCC_WARN_UNUSED_VARIABLE = YES;
				IPHONEOS_DEPLOYMENT_TARGET = 16.4;
				MTL_ENABLE_DEBUG_INFO = NO;
				MTL_FAST_MATH = YES;
				SDKROOT = iphoneos;
				SWIFT_COMPILATION_MODE = wholemodule;
				SWIFT_OPTIMIZATION_LEVEL = "-O";
				VALIDATE_PRODUCT = YES;
			};
			name = Release;
		};
		F7D92A022AA07C500020BF5B /* Debug */ = {
			isa = XCBuildConfiguration;
			buildSettings = {
				ASSETCATALOG_COMPILER_APPICON_NAME = AppIcon;
				ASSETCATALOG_COMPILER_GLOBAL_ACCENT_COLOR_NAME = AccentColor;
				CODE_SIGN_STYLE = Automatic;
				CURRENT_PROJECT_VERSION = 1;
				DEVELOPMENT_ASSET_PATHS = "\"3 challenge 8/Preview Content\"";
				ENABLE_PREVIEWS = YES;
				GENERATE_INFOPLIST_FILE = YES;
				INFOPLIST_KEY_UIApplicationSceneManifest_Generation = YES;
				INFOPLIST_KEY_UIApplicationSupportsIndirectInputEvents = YES;
				INFOPLIST_KEY_UILaunchScreen_Generation = YES;
				INFOPLIST_KEY_UISupportedInterfaceOrientations_iPad = "UIInterfaceOrientationPortrait UIInterfaceOrientationPortraitUpsideDown UIInterfaceOrientationLandscapeLeft UIInterfaceOrientationLandscapeRight";
				INFOPLIST_KEY_UISupportedInterfaceOrientations_iPhone = "UIInterfaceOrientationPortrait UIInterfaceOrientationLandscapeLeft UIInterfaceOrientationLandscapeRight";
				LD_RUNPATH_SEARCH_PATHS = (
					"$(inherited)",
					"@executable_path/Frameworks",
				);
				MARKETING_VERSION = 1.0;
				PRODUCT_BUNDLE_IDENTIFIER = "khayra.--challenge-8";
				PRODUCT_NAME = "$(TARGET_NAME)";
				SWIFT_EMIT_LOC_STRINGS = YES;
				SWIFT_VERSION = 5.0;
				TARGETED_DEVICE_FAMILY = "1,2";
			};
			name = Debug;
		};
		F7D92A032AA07C500020BF5B /* Release */ = {
			isa = XCBuildConfiguration;
			buildSettings = {
				ASSETCATALOG_COMPILER_APPICON_NAME = AppIcon;
				ASSETCATALOG_COMPILER_GLOBAL_ACCENT_COLOR_NAME = AccentColor;
				CODE_SIGN_STYLE = Automatic;
				CURRENT_PROJECT_VERSION = 1;
				DEVELOPMENT_ASSET_PATHS = "\"3 challenge 8/Preview Content\"";
				ENABLE_PREVIEWS = YES;
				GENERATE_INFOPLIST_FILE = YES;
				INFOPLIST_KEY_UIApplicationSceneManifest_Generation = YES;
				INFOPLIST_KEY_UIApplicationSupportsIndirectInputEvents = YES;
				INFOPLIST_KEY_UILaunchScreen_Generation = YES;
				INFOPLIST_KEY_UISupportedInterfaceOrientations_iPad = "UIInterfaceOrientationPortrait UIInterfaceOrientationPortraitUpsideDown UIInterfaceOrientationLandscapeLeft UIInterfaceOrientationLandscapeRight";
				INFOPLIST_KEY_UISupportedInterfaceOrientations_iPhone = "UIInterfaceOrientationPortrait UIInterfaceOrientationLandscapeLeft UIInterfaceOrientationLandscapeRight";
				LD_RUNPATH_SEARCH_PATHS = (
					"$(inherited)",
					"@executable_path/Frameworks",
				);
				MARKETING_VERSION = 1.0;
				PRODUCT_BUNDLE_IDENTIFIER = "khayra.--challenge-8";
				PRODUCT_NAME = "$(TARGET_NAME)";
				SWIFT_EMIT_LOC_STRINGS = YES;
				SWIFT_VERSION = 5.0;
				TARGETED_DEVICE_FAMILY = "1,2";
			};
			name = Release;
		};
		F7D92A052AA07C500020BF5B /* Debug */ = {
			isa = XCBuildConfiguration;
			buildSettings = {
				ALWAYS_EMBED_SWIFT_STANDARD_LIBRARIES = YES;
				BUNDLE_LOADER = "$(TEST_HOST)";
				CODE_SIGN_STYLE = Automatic;
				CURRENT_PROJECT_VERSION = 1;
				GENERATE_INFOPLIST_FILE = YES;
				IPHONEOS_DEPLOYMENT_TARGET = 16.4;
				MARKETING_VERSION = 1.0;
				PRODUCT_BUNDLE_IDENTIFIER = "khayra.--challenge-8Tests";
				PRODUCT_NAME = "$(TARGET_NAME)";
				SWIFT_EMIT_LOC_STRINGS = NO;
				SWIFT_VERSION = 5.0;
				TARGETED_DEVICE_FAMILY = "1,2";
				TEST_HOST = "$(BUILT_PRODUCTS_DIR)/3 challenge 8.app/$(BUNDLE_EXECUTABLE_FOLDER_PATH)/3 challenge 8";
			};
			name = Debug;
		};
		F7D92A062AA07C500020BF5B /* Release */ = {
			isa = XCBuildConfiguration;
			buildSettings = {
				ALWAYS_EMBED_SWIFT_STANDARD_LIBRARIES = YES;
				BUNDLE_LOADER = "$(TEST_HOST)";
				CODE_SIGN_STYLE = Automatic;
				CURRENT_PROJECT_VERSION = 1;
				GENERATE_INFOPLIST_FILE = YES;
				IPHONEOS_DEPLOYMENT_TARGET = 16.4;
				MARKETING_VERSION = 1.0;
				PRODUCT_BUNDLE_IDENTIFIER = "khayra.--challenge-8Tests";
				PRODUCT_NAME = "$(TARGET_NAME)";
				SWIFT_EMIT_LOC_STRINGS = NO;
				SWIFT_VERSION = 5.0;
				TARGETED_DEVICE_FAMILY = "1,2";
				TEST_HOST = "$(BUILT_PRODUCTS_DIR)/3 challenge 8.app/$(BUNDLE_EXECUTABLE_FOLDER_PATH)/3 challenge 8";
			};
			name = Release;
		};
		F7D92A082AA07C500020BF5B /* Debug */ = {
			isa = XCBuildConfiguration;
			buildSettings = {
				ALWAYS_EMBED_SWIFT_STANDARD_LIBRARIES = YES;
				CODE_SIGN_STYLE = Automatic;
				CURRENT_PROJECT_VERSION = 1;
				GENERATE_INFOPLIST_FILE = YES;
				MARKETING_VERSION = 1.0;
				PRODUCT_BUNDLE_IDENTIFIER = "khayra.--challenge-8UITests";
				PRODUCT_NAME = "$(TARGET_NAME)";
				SWIFT_EMIT_LOC_STRINGS = NO;
				SWIFT_VERSION = 5.0;
				TARGETED_DEVICE_FAMILY = "1,2";
				TEST_TARGET_NAME = "3 challenge 8";
			};
			name = Debug;
		};
		F7D92A092AA07C500020BF5B /* Release */ = {
			isa = XCBuildConfiguration;
			buildSettings = {
				ALWAYS_EMBED_SWIFT_STANDARD_LIBRARIES = YES;
				CODE_SIGN_STYLE = Automatic;
				CURRENT_PROJECT_VERSION = 1;
				GENERATE_INFOPLIST_FILE = YES;
				MARKETING_VERSION = 1.0;
				PRODUCT_BUNDLE_IDENTIFIER = "khayra.--challenge-8UITests";
				PRODUCT_NAME = "$(TARGET_NAME)";
				SWIFT_EMIT_LOC_STRINGS = NO;
				SWIFT_VERSION = 5.0;
				TARGETED_DEVICE_FAMILY = "1,2";
				TEST_TARGET_NAME = "3 challenge 8";
			};
			name = Release;
		};
/* End XCBuildConfiguration section */

/* Begin XCConfigurationList section */
		F7D929D82AA07C4E0020BF5B /* Build configuration list for PBXProject "3 challenge 8" */ = {
			isa = XCConfigurationList;
			buildConfigurations = (
				F7D929FF2AA07C500020BF5B /* Debug */,
				F7D92A002AA07C500020BF5B /* Release */,
			);
			defaultConfigurationIsVisible = 0;
			defaultConfigurationName = Release;
		};
		F7D92A012AA07C500020BF5B /* Build configuration list for PBXNativeTarget "3 challenge 8" */ = {
			isa = XCConfigurationList;
			buildConfigurations = (
				F7D92A022AA07C500020BF5B /* Debug */,
				F7D92A032AA07C500020BF5B /* Release */,
			);
			defaultConfigurationIsVisible = 0;
			defaultConfigurationName = Release;
		};
		F7D92A042AA07C500020BF5B /* Build configuration list for PBXNativeTarget "3 challenge 8Tests" */ = {
			isa = XCConfigurationList;
			buildConfigurations = (
				F7D92A052AA07C500020BF5B /* Debug */,
				F7D92A062AA07C500020BF5B /* Release */,
			);
			defaultConfigurationIsVisible = 0;
			defaultConfigurationName = Release;
		};
		F7D92A072AA07C500020BF5B /* Build configuration list for PBXNativeTarget "3 challenge 8UITests" */ = {
			isa = XCConfigurationList;
			buildConfigurations = (
				F7D92A082AA07C500020BF5B /* Debug */,
				F7D92A092AA07C500020BF5B /* Release */,
			);
			defaultConfigurationIsVisible = 0;
			defaultConfigurationName = Release;
		};
/* End XCConfigurationList section */
	};
	rootObject = F7D929D52AA07C4E0020BF5B /* Project object */;
}
